
Microsoft Visual Studio Solution File, Format Version 12.00
# Visual Studio Version 16
VisualStudioVersion = 16.0.30503.244
MinimumVisualStudioVersion = 10.0.40219.1
Project("{FAE04EC0-301F-11D3-BF4B-00C04F79EFBC}") = "ErrorLogger", "ErrorLogger\ErrorLogger.csproj", "{65955D75-2E4B-4F3B-BF3C-96AD6E0296B8}"
EndProject
Global
	GlobalSection(SolutionConfigurationPlatforms) = preSolution
		Debug|Any CPU = Debug|Any CPU
		Release|Any CPU = Release|Any CPU
	EndGlobalSection
	GlobalSection(ProjectConfigurationPlatforms) = postSolution
		{65955D75-2E4B-4F3B-BF3C-96AD6E0296B8}.Debug|Any CPU.ActiveCfg = Debug|Any CPU
		{65955D75-2E4B-4F3B-BF3C-96AD6E0296B8}.Debug|Any CPU.Build.0 = Debug|Any CPU
		{65955D75-2E4B-4F3B-BF3C-96AD6E0296B8}.Release|Any CPU.ActiveCfg = Release|Any CPU
		{65955D75-2E4B-4F3B-BF3C-96AD6E0296B8}.Release|Any CPU.Build.0 = Release|Any CPU
	EndGlobalSection
	GlobalSection(SolutionProperties) = preSolution
		HideSolutionNode = FALSE
	EndGlobalSection
	GlobalSection(ExtensibilityGlobals) = postSolution
		SolutionGuid = {3A05EAA6-0D4A-4C20-A9E7-525D9C15BF54}
	EndGlobalSection
EndGlobal
